PODS:
  - Nimble (4.1.0)
  - Quick (0.9.3)
  - SHSearchBar (0.9.6)

DEPENDENCIES:
  - Nimble
  - Quick
  - SHSearchBar (from `../`)

EXTERNAL SOURCES:
  SHSearchBar:
    :path: "../"

SPEC CHECKSUMS:
  Nimble: 97a0a4cae5124c117115634b2d055d8c97d0af19
  Quick: 13a2a2b19a5d8e3ed4fd0c36ee46597fd77ebf71
  SHSearchBar: 96346723e5c8c316422257cfc8a8801ce93c1973

PODFILE CHECKSUM: d9d649575d75baa6c6465fa2ad05b98bf59b1989

COCOAPODS: 1.0.1
