PODS:
  - Nimble (8.0.1)
  - Quick (2.1.0)

DEPENDENCIES:
  - Nimble
  - Quick

SPEC REPOS:
  https://github.com/cocoapods/specs.git:
    - Nimble
    - Quick

SPEC CHECKSUMS:
  Nimble: 45f786ae66faa9a709624227fae502db55a8bdd0
  Quick: 4be43f6634acfa727dd106bdf3929ce125ffa79d

PODFILE CHECKSUM: 9f907140054c0e19b3f3d6d685db43e2d0a6f3f5

COCOAPODS: 1.6.1
