{
  "object": {
    "pins": [
      {
        "package": "SHSearchBar",
        "repositoryURL": "https://github.com/Blackjacx/SHSearchBar/",
        "state": {
          "branch": "swift53",
          "revision": "943a6a379c1b58a3a3e73a0315b1dd795e22870e",
          "version": null
        }
      }
    ]
  },
  "version": 1
}
